// !$*UTF8*$!
{
	archiveVersion = 1;
	classes = {
	};
	objectVersion = 77;
	objects = {

/* Begin PBXContainerItemProxy section */
		114261DE2D2D0AA30019E53A /* PBXContainerItemProxy */ = {
			isa = PBXContainerItemProxy;
			containerPortal = 114261C32D2D0AA10019E53A /* Project object */;
			proxyType = 1;
			remoteGlobalIDString = 114261CA2D2D0AA10019E53A;
			remoteInfo = Tutoring;
		};
		114261E82D2D0AA30019E53A /* PBXContainerItemProxy */ = {
			isa = PBXContainerItemProxy;
			containerPortal = 114261C32D2D0AA10019E53A /* Project object */;
			proxyType = 1;
			remoteGlobalIDString = 114261CA2D2D0AA10019E53A;
			remoteInfo = Tutoring;
		};
/* End PBXContainerItemProxy section */

/* Begin PBXFileReference section */
		114261CB2D2D0AA10019E53A /* Tutoring.app */ = {isa = PBXFileReference; explicitFileType = wrapper.application; includeInIndex = 0; path = Tutoring.app; sourceTree = BUILT_PRODUCTS_DIR; };
		114261DD2D2D0AA30019E53A /* TutoringTests.xctest */ = {isa = PBXFileReference; explicitFileType = wrapper.cfbundle; includeInIndex = 0; path = TutoringTests.xctest; sourceTree = BUILT_PRODUCTS_DIR; };
		114261E72D2D0AA30019E53A /* TutoringUITests.xctest */ = {isa = PBXFileReference; explicitFileType = wrapper.cfbundle; includeInIndex = 0; path = TutoringUITests.xctest; sourceTree = BUILT_PRODUCTS_DIR; };
/* End PBXFileReference section */

/* Begin PBXFileSystemSynchronizedRootGroup section */
		114261CD2D2D0AA10019E53A /* Tutoring */ = {
			isa = PBXFileSystemSynchronizedRootGroup;
			path = Tutoring;
			sourceTree = "<group>";
		};
		114261E02D2D0AA30019E53A /* TutoringTests */ = {
			isa = PBXFileSystemSynchronizedRootGroup;
			path = TutoringTests;
			sourceTree = "<group>";
		};
		114261EA2D2D0AA30019E53A /* TutoringUITests */ = {
			isa = PBXFileSystemSynchronizedRootGroup;
			path = TutoringUITests;
			sourceTree = "<group>";
		};
/* End PBXFileSystemSynchronizedRootGroup section */

/* Begin PBXFrameworksBuildPhase section */
		114261C82D2D0AA10019E53A /* Frameworks */ = {
			isa = PBXFrameworksBuildPhase;
			buildActionMask = 2147483647;
			files = (
			);
			runOnlyForDeploymentPostprocessing = 0;
		};
		114261DA2D2D0AA30019E53A /* Frameworks */ = {
			isa = PBXFrameworksBuildPhase;
			buildActionMask = 2147483647;
			files = (
			);
			runOnlyForDeploymentPostprocessing = 0;
		};
		114261E42D2D0AA30019E53A /* Frameworks */ = {
			isa = PBXFrameworksBuildPhase;
			buildActionMask = 2147483647;
			files = (
			);
			runOnlyForDeploymentPostprocessing = 0;
		};
/* End PBXFrameworksBuildPhase section */

/* Begin PBXGroup section */
		114261C22D2D0AA10019E53A = {
			isa = PBXGroup;
			children = (
				114261CD2D2D0AA10019E53A /* Tutoring */,
				114261E02D2D0AA30019E53A /* TutoringTests */,
				114261EA2D2D0AA30019E53A /* TutoringUITests */,
				114261CC2D2D0AA10019E53A /* Products */,
			);
			sourceTree = "<group>";
		};
		114261CC2D2D0AA10019E53A /* Products */ = {
			isa = PBXGroup;
			children = (
				114261CB2D2D0AA10019E53A /* Tutoring.app */,
				114261DD2D2D0AA30019E53A /* TutoringTests.xctest */,
				114261E72D2D0AA30019E53A /* TutoringUITests.xctest */,
			);
			name = Products;
			sourceTree = "<group>";
		};
/* End PBXGroup section */

/* Begin PBXNativeTarget section */
		114261CA2D2D0AA10019E53A /* Tutoring */ = {
			isa = PBXNativeTarget;
			buildConfigurationList = 114261F12D2D0AA30019E53A /* Build configuration list for PBXNativeTarget "Tutoring" */;
			buildPhases = (
				114261C72D2D0AA10019E53A /* Sources */,
				114261C82D2D0AA10019E53A /* Frameworks */,
				114261C92D2D0AA10019E53A /* Resources */,
			);
			buildRules = (
			);
			dependencies = (
			);
			fileSystemSynchronizedGroups = (
				114261CD2D2D0AA10019E53A /* Tutoring */,
			);
			name = Tutoring;
			packageProductDependencies = (
			);
			productName = Tutoring;
			productReference = 114261CB2D2D0AA10019E53A /* Tutoring.app */;
			productType = "com.apple.product-type.application";
		};
		114261DC2D2D0AA30019E53A /* TutoringTests */ = {
			isa = PBXNativeTarget;
			buildConfigurationList = 114261F42D2D0AA30019E53A /* Build configuration list for PBXNativeTarget "TutoringTests" */;
			buildPhases = (
				114261D92D2D0AA30019E53A /* Sources */,
				114261DA2D2D0AA30019E53A /* Frameworks */,
				114261DB2D2D0AA30019E53A /* Resources */,
			);
			buildRules = (
			);
			dependencies = (
				114261DF2D2D0AA30019E53A /* PBXTargetDependency */,
			);
			fileSystemSynchronizedGroups = (
				114261E02D2D0AA30019E53A /* TutoringTests */,
			);
			name = TutoringTests;
			packageProductDependencies = (
			);
			productName = TutoringTests;
			productReference = 114261DD2D2D0AA30019E53A /* TutoringTests.xctest */;
			productType = "com.apple.product-type.bundle.unit-test";
		};
		114261E62D2D0AA30019E53A /* TutoringUITests */ = {
			isa = PBXNativeTarget;
			buildConfigurationList = 114261F72D2D0AA30019E53A /* Build configuration list for PBXNativeTarget "TutoringUITests" */;
			buildPhases = (
				114261E32D2D0AA30019E53A /* Sources */,
				114261E42D2D0AA30019E53A /* Frameworks */,
				114261E52D2D0AA30019E53A /* Resources */,
			);
			buildRules = (
			);
			dependencies = (
				114261E92D2D0AA30019E53A /* PBXTargetDependency */,
			);
			fileSystemSynchronizedGroups = (
				114261EA2D2D0AA30019E53A /* TutoringUITests */,
			);
			name = TutoringUITests;
			packageProductDependencies = (
			);
			productName = TutoringUITests;
			productReference = 114261E72D2D0AA30019E53A /* TutoringUITests.xctest */;
			productType = "com.apple.product-type.bundle.ui-testing";
		};
/* End PBXNativeTarget section */

/* Begin PBXProject section */
		114261C32D2D0AA10019E53A /* Project object */ = {
			isa = PBXProject;
			attributes = {
				BuildIndependentTargetsInParallel = 1;
				LastSwiftUpdateCheck = 1620;
				LastUpgradeCheck = 1620;
				TargetAttributes = {
					114261CA2D2D0AA10019E53A = {
						CreatedOnToolsVersion = 16.2;
					};
					114261DC2D2D0AA30019E53A = {
						CreatedOnToolsVersion = 16.2;
						TestTargetID = 114261CA2D2D0AA10019E53A;
					};
					114261E62D2D0AA30019E53A = {
						CreatedOnToolsVersion = 16.2;
						TestTargetID = 114261CA2D2D0AA10019E53A;
					};
				};
			};
			buildConfigurationList = 114261C62D2D0AA10019E53A /* Build configuration list for PBXProject "Tutoring" */;
			developmentRegion = en;
			hasScannedForEncodings = 0;
			knownRegions = (
				en,
				Base,
			);
			mainGroup = 114261C22D2D0AA10019E53A;
			minimizedProjectReferenceProxies = 1;
			preferredProjectObjectVersion = 77;
			productRefGroup = 114261CC2D2D0AA10019E53A /* Products */;
			projectDirPath = "";
			projectRoot = "";
			targets = (
				114261CA2D2D0AA10019E53A /* Tutoring */,
				114261DC2D2D0AA30019E53A /* TutoringTests */,
				114261E62D2D0AA30019E53A /* TutoringUITests */,
			);
		};
/* End PBXProject section */

/* Begin PBXResourcesBuildPhase section */
		114261C92D2D0AA10019E53A /* Resources */ = {
			isa = PBXResourcesBuildPhase;
			buildActionMask = 2147483647;
			files = (
			);
			runOnlyForDeploymentPostprocessing = 0;
		};
		114261DB2D2D0AA30019E53A /* Resources */ = {
			isa = PBXResourcesBuildPhase;
			buildActionMask = 2147483647;
			files = (
			);
			runOnlyForDeploymentPostprocessing = 0;
		};
		114261E52D2D0AA30019E53A /* Resources */ = {
			isa = PBXResourcesBuildPhase;
			buildActionMask = 2147483647;
			files = (
			);
			runOnlyForDeploymentPostprocessing = 0;
		};
/* End PBXResourcesBuildPhase section */

/* Begin PBXSourcesBuildPhase section */
		114261C72D2D0AA10019E53A /* Sources */ = {
			isa = PBXSourcesBuildPhase;
			buildActionMask = 2147483647;
			files = (
			);
			runOnlyForDeploymentPostprocessing = 0;
		};
		114261D92D2D0AA30019E53A /* Sources */ = {
			isa = PBXSourcesBuildPhase;
			buildActionMask = 2147483647;
			files = (
			);
			runOnlyForDeploymentPostprocessing = 0;
		};
		114261E32D2D0AA30019E53A /* Sources */ = {
			isa = PBXSourcesBuildPhase;
			buildActionMask = 2147483647;
			files = (
			);
			runOnlyForDeploymentPostprocessing = 0;
		};
/* End PBXSourcesBuildPhase section */

/* Begin PBXTargetDependency section */
		114261DF2D2D0AA30019E53A /* PBXTargetDependency */ = {
			isa = PBXTargetDependency;
			target = 114261CA2D2D0AA10019E53A /* Tutoring */;
			targetProxy = 114261DE2D2D0AA30019E53A /* PBXContainerItemProxy */;
		};
		114261E92D2D0AA30019E53A /* PBXTargetDependency */ = {
			isa = PBXTargetDependency;
			target = 114261CA2D2D0AA10019E53A /* Tutoring */;
			targetProxy = 114261E82D2D0AA30019E53A /* PBXContainerItemProxy */;
		};
/* End PBXTargetDependency section */

/* Begin XCBuildConfiguration section */
		114261EF2D2D0AA30019E53A /* Debug */ = {
			isa = XCBuildConfiguration;
			buildSettings = {
				ALWAYS_SEARCH_USER_PATHS = NO;
				ASSETCATALOG_COMPILER_GENERATE_SWIFT_ASSET_SYMBOL_EXTENSIONS = YES;
				CLANG_ANALYZER_NONNULL = YES;
				CLANG_ANALYZER_NUMBER_OBJECT_CONVERSION = YES_AGGRESSIVE;
				CLANG_CXX_LANGUAGE_STANDARD = "gnu++20";
				CLANG_ENABLE_MODULES = YES;
				CLANG_ENABLE_OBJC_ARC = YES;
				CLANG_ENABLE_OBJC_WEAK = YES;
				CLANG_WARN_BLOCK_CAPTURE_AUTORELEASING = YES;
				CLANG_WARN_BOOL_CONVERSION = YES;
				CLANG_WARN_COMMA = YES;
				CLANG_WARN_CONSTANT_CONVERSION = YES;
				CLANG_WARN_DEPRECATED_OBJC_IMPLEMENTATIONS = YES;
				CLANG_WARN_DIRECT_OBJC_ISA_USAGE = YES_ERROR;
				CLANG_WARN_DOCUMENTATION_COMMENTS = YES;
				CLANG_WARN_EMPTY_BODY = YES;
				CLANG_WARN_ENUM_CONVERSION = YES;
				CLANG_WARN_INFINITE_RECURSION = YES;
				CLANG_WARN_INT_CONVERSION = YES;
				CLANG_WARN_NON_LITERAL_NULL_CONVERSION = YES;
				CLANG_WARN_OBJC_IMPLICIT_RETAIN_SELF = YES;
				CLANG_WARN_OBJC_LITERAL_CONVERSION = YES;
				CLANG_WARN_OBJC_ROOT_CLASS = YES_ERROR;
				CLANG_WARN_QUOTED_INCLUDE_IN_FRAMEWORK_HEADER = YES;
				CLANG_WARN_RANGE_LOOP_ANALYSIS = YES;
				CLANG_WARN_STRICT_PROTOTYPES = YES;
				CLANG_WARN_SUSPICIOUS_MOVE = YES;
				CLANG_WARN_UNGUARDED_AVAILABILITY = YES_AGGRESSIVE;
				CLANG_WARN_UNREACHABLE_CODE = YES;
				CLANG_WARN__DUPLICATE_METHOD_MATCH = YES;
				COPY_PHASE_STRIP = NO;
				DEBUG_INFORMATION_FORMAT = dwarf;
				ENABLE_STRICT_OBJC_MSGSEND = YES;
				ENABLE_TESTABILITY = YES;
				ENABLE_USER_SCRIPT_SANDBOXING = YES;
				GCC_C_LANGUAGE_STANDARD = gnu17;
				GCC_DYNAMIC_NO_PIC = NO;
				GCC_NO_COMMON_BLOCKS = YES;
				GCC_OPTIMIZATION_LEVEL = 0;
				GCC_PREPROCESSOR_DEFINITIONS = (
					"DEBUG=1",
					"$(inherited)",
				);
				GCC_WARN_64_TO_32_BIT_CONVERSION = YES;
				GCC_WARN_ABOUT_RETURN_TYPE = YES_ERROR;
				GCC_WARN_UNDECLARED_SELECTOR = YES;
				GCC_WARN_UNINITIALIZED_AUTOS = YES_AGGRESSIVE;
				GCC_WARN_UNUSED_FUNCTION = YES;
				GCC_WARN_UNUSED_VARIABLE = YES;
				IPHONEOS_DEPLOYMENT_TARGET = 18.2;
				LOCALIZATION_PREFERS_STRING_CATALOGS = YES;
				MTL_ENABLE_DEBUG_INFO = INCLUDE_SOURCE;
				MTL_FAST_MATH = YES;
				ONLY_ACTIVE_ARCH = YES;
				SDKROOT = iphoneos;
				SWIFT_ACTIVE_COMPILATION_CONDITIONS = "DEBUG $(inherited)";
				SWIFT_OPTIMIZATION_LEVEL = "-Onone";
			};
			name = Debug;
		};
		114261F02D2D0AA30019E53A /* Release */ = {
			isa = XCBuildConfiguration;
			buildSettings = {
				ALWAYS_SEARCH_USER_PATHS = NO;
				ASSETCATALOG_COMPILER_GENERATE_SWIFT_ASSET_SYMBOL_EXTENSIONS = YES;
				CLANG_ANALYZER_NONNULL = YES;
				CLANG_ANALYZER_NUMBER_OBJECT_CONVERSION = YES_AGGRESSIVE;
				CLANG_CXX_LANGUAGE_STANDARD = "gnu++20";
				CLANG_ENABLE_MODULES = YES;
				CLANG_ENABLE_OBJC_ARC = YES;
				CLANG_ENABLE_OBJC_WEAK = YES;
				CLANG_WARN_BLOCK_CAPTURE_AUTORELEASING = YES;
				CLANG_WARN_BOOL_CONVERSION = YES;
				CLANG_WARN_COMMA = YES;
				CLANG_WARN_CONSTANT_CONVERSION = YES;
				CLANG_WARN_DEPRECATED_OBJC_IMPLEMENTATIONS = YES;
				CLANG_WARN_DIRECT_OBJC_ISA_USAGE = YES_ERROR;
				CLANG_WARN_DOCUMENTATION_COMMENTS = YES;
				CLANG_WARN_EMPTY_BODY = YES;
				CLANG_WARN_ENUM_CONVERSION = YES;
				CLANG_WARN_INFINITE_RECURSION = YES;
				CLANG_WARN_INT_CONVERSION = YES;
				CLANG_WARN_NON_LITERAL_NULL_CONVERSION = YES;
				CLANG_WARN_OBJC_IMPLICIT_RETAIN_SELF = YES;
				CLANG_WARN_OBJC_LITERAL_CONVERSION = YES;
				CLANG_WARN_OBJC_ROOT_CLASS = YES_ERROR;
				CLANG_WARN_QUOTED_INCLUDE_IN_FRAMEWORK_HEADER = YES;
				CLANG_WARN_RANGE_LOOP_ANALYSIS = YES;
				CLANG_WARN_STRICT_PROTOTYPES = YES;
				CLANG_WARN_SUSPICIOUS_MOVE = YES;
				CLANG_WARN_UNGUARDED_AVAILABILITY = YES_AGGRESSIVE;
				CLANG_WARN_UNREACHABLE_CODE = YES;
				CLANG_WARN__DUPLICATE_METHOD_MATCH = YES;
				COPY_PHASE_STRIP = NO;
				DEBUG_INFORMATION_FORMAT = "dwarf-with-dsym";
				ENABLE_NS_ASSERTIONS = NO;
				ENABLE_STRICT_OBJC_MSGSEND = YES;
				ENABLE_USER_SCRIPT_SANDBOXING = YES;
				GCC_C_LANGUAGE_STANDARD = gnu17;
				GCC_NO_COMMON_BLOCKS = YES;
				GCC_WARN_64_TO_32_BIT_CONVERSION = YES;
				GCC_WARN_ABOUT_RETURN_TYPE = YES_ERROR;
				GCC_WARN_UNDECLARED_SELECTOR = YES;
				GCC_WARN_UNINITIALIZED_AUTOS = YES_AGGRESSIVE;
				GCC_WARN_UNUSED_FUNCTION = YES;
				GCC_WARN_UNUSED_VARIABLE = YES;
				IPHONEOS_DEPLOYMENT_TARGET = 18.2;
				LOCALIZATION_PREFERS_STRING_CATALOGS = YES;
				MTL_ENABLE_DEBUG_INFO = NO;
				MTL_FAST_MATH = YES;
				SDKROOT = iphoneos;
				SWIFT_COMPILATION_MODE = wholemodule;
				VALIDATE_PRODUCT = YES;
			};
			name = Release;
		};
		114261F22D2D0AA30019E53A /* Debug */ = {
			isa = XCBuildConfiguration;
			buildSettings = {
				ASSETCATALOG_COMPILER_APPICON_NAME = AppIcon;
				ASSETCATALOG_COMPILER_GLOBAL_ACCENT_COLOR_NAME = AccentColor;
				CODE_SIGN_STYLE = Automatic;
				CURRENT_PROJECT_VERSION = 1;
				DEVELOPMENT_ASSET_PATHS = "\"Tutoring/Preview Content\"";
				DEVELOPMENT_TEAM = JJGHMSC7QW;
				ENABLE_PREVIEWS = YES;
				GENERATE_INFOPLIST_FILE = YES;
				INFOPLIST_KEY_UIApplicationSceneManifest_Generation = YES;
				INFOPLIST_KEY_UIApplicationSupportsIndirectInputEvents = YES;
				INFOPLIST_KEY_UILaunchScreen_Generation = YES;
				INFOPLIST_KEY_UISupportedInterfaceOrientations_iPad = "UIInterfaceOrientationPortrait UIInterfaceOrientationPortraitUpsideDown UIInterfaceOrientationLandscapeLeft UIInterfaceOrientationLandscapeRight";
				INFOPLIST_KEY_UISupportedInterfaceOrientations_iPhone = "UIInterfaceOrientationPortrait UIInterfaceOrientationLandscapeLeft UIInterfaceOrientationLandscapeRight";
				LD_RUNPATH_SEARCH_PATHS = (
					"$(inherited)",
					"@executable_path/Frameworks",
				);
				MARKETING_VERSION = 1.0;
				PRODUCT_BUNDLE_IDENTIFIER = put.150570.Tutoring;
				PRODUCT_NAME = "$(TARGET_NAME)";
				SWIFT_EMIT_LOC_STRINGS = YES;
				SWIFT_VERSION = 5.0;
				TARGETED_DEVICE_FAMILY = "1,2";
			};
			name = Debug;
		};
		114261F32D2D0AA30019E53A /* Release */ = {
			isa = XCBuildConfiguration;
			buildSettings = {
				ASSETCATALOG_COMPILER_APPICON_NAME = AppIcon;
				ASSETCATALOG_COMPILER_GLOBAL_ACCENT_COLOR_NAME = AccentColor;
				CODE_SIGN_STYLE = Automatic;
				CURRENT_PROJECT_VERSION = 1;
				DEVELOPMENT_ASSET_PATHS = "\"Tutoring/Preview Content\"";
				DEVELOPMENT_TEAM = JJGHMSC7QW;
				ENABLE_PREVIEWS = YES;
				GENERATE_INFOPLIST_FILE = YES;
				INFOPLIST_KEY_UIApplicationSceneManifest_Generation = YES;
				INFOPLIST_KEY_UIApplicationSupportsIndirectInputEvents = YES;
				INFOPLIST_KEY_UILaunchScreen_Generation = YES;
				INFOPLIST_KEY_UISupportedInterfaceOrientations_iPad = "UIInterfaceOrientationPortrait UIInterfaceOrientationPortraitUpsideDown UIInterfaceOrientationLandscapeLeft UIInterfaceOrientationLandscapeRight";
				INFOPLIST_KEY_UISupportedInterfaceOrientations_iPhone = "UIInterfaceOrientationPortrait UIInterfaceOrientationLandscapeLeft UIInterfaceOrientationLandscapeRight";
				LD_RUNPATH_SEARCH_PATHS = (
					"$(inherited)",
					"@executable_path/Frameworks",
				);
				MARKETING_VERSION = 1.0;
				PRODUCT_BUNDLE_IDENTIFIER = put.150570.Tutoring;
				PRODUCT_NAME = "$(TARGET_NAME)";
				SWIFT_EMIT_LOC_STRINGS = YES;
				SWIFT_VERSION = 5.0;
				TARGETED_DEVICE_FAMILY = "1,2";
			};
			name = Release;
		};
		114261F52D2D0AA30019E53A /* Debug */ = {
			isa = XCBuildConfiguration;
			buildSettings = {
				BUNDLE_LOADER = "$(TEST_HOST)";
				CODE_SIGN_STYLE = Automatic;
				CURRENT_PROJECT_VERSION = 1;
				GENERATE_INFOPLIST_FILE = YES;
				IPHONEOS_DEPLOYMENT_TARGET = 18.2;
				MARKETING_VERSION = 1.0;
				PRODUCT_BUNDLE_IDENTIFIER = put.150570.TutoringTests;
				PRODUCT_NAME = "$(TARGET_NAME)";
				SWIFT_EMIT_LOC_STRINGS = NO;
				SWIFT_VERSION = 5.0;
				TARGETED_DEVICE_FAMILY = "1,2";
				TEST_HOST = "$(BUILT_PRODUCTS_DIR)/Tutoring.app/$(BUNDLE_EXECUTABLE_FOLDER_PATH)/Tutoring";
			};
			name = Debug;
		};
		114261F62D2D0AA30019E53A /* Release */ = {
			isa = XCBuildConfiguration;
			buildSettings = {
				BUNDLE_LOADER = "$(TEST_HOST)";
				CODE_SIGN_STYLE = Automatic;
				CURRENT_PROJECT_VERSION = 1;
				GENERATE_INFOPLIST_FILE = YES;
				IPHONEOS_DEPLOYMENT_TARGET = 18.2;
				MARKETING_VERSION = 1.0;
				PRODUCT_BUNDLE_IDENTIFIER = put.150570.TutoringTests;
				PRODUCT_NAME = "$(TARGET_NAME)";
				SWIFT_EMIT_LOC_STRINGS = NO;
				SWIFT_VERSION = 5.0;
				TARGETED_DEVICE_FAMILY = "1,2";
				TEST_HOST = "$(BUILT_PRODUCTS_DIR)/Tutoring.app/$(BUNDLE_EXECUTABLE_FOLDER_PATH)/Tutoring";
			};
			name = Release;
		};
		114261F82D2D0AA30019E53A /* Debug */ = {
			isa = XCBuildConfiguration;
			buildSettings = {
				CODE_SIGN_STYLE = Automatic;
				CURRENT_PROJECT_VERSION = 1;
				GENERATE_INFOPLIST_FILE = YES;
				MARKETING_VERSION = 1.0;
				PRODUCT_BUNDLE_IDENTIFIER = put.150570.TutoringUITests;
				PRODUCT_NAME = "$(TARGET_NAME)";
				SWIFT_EMIT_LOC_STRINGS = NO;
				SWIFT_VERSION = 5.0;
				TARGETED_DEVICE_FAMILY = "1,2";
				TEST_TARGET_NAME = Tutoring;
			};
			name = Debug;
		};
		114261F92D2D0AA30019E53A /* Release */ = {
			isa = XCBuildConfiguration;
			buildSettings = {
				CODE_SIGN_STYLE = Automatic;
				CURRENT_PROJECT_VERSION = 1;
				GENERATE_INFOPLIST_FILE = YES;
				MARKETING_VERSION = 1.0;
				PRODUCT_BUNDLE_IDENTIFIER = put.150570.TutoringUITests;
				PRODUCT_NAME = "$(TARGET_NAME)";
				SWIFT_EMIT_LOC_STRINGS = NO;
				SWIFT_VERSION = 5.0;
				TARGETED_DEVICE_FAMILY = "1,2";
				TEST_TARGET_NAME = Tutoring;
			};
			name = Release;
		};
/* End XCBuildConfiguration section */

/* Begin XCConfigurationList section */
		114261C62D2D0AA10019E53A /* Build configuration list for PBXProject "Tutoring" */ = {
			isa = XCConfigurationList;
			buildConfigurations = (
				114261EF2D2D0AA30019E53A /* Debug */,
				114261F02D2D0AA30019E53A /* Release */,
			);
			defaultConfigurationIsVisible = 0;
			defaultConfigurationName = Release;
		};
		114261F12D2D0AA30019E53A /* Build configuration list for PBXNativeTarget "Tutoring" */ = {
			isa = XCConfigurationList;
			buildConfigurations = (
				114261F22D2D0AA30019E53A /* Debug */,
				114261F32D2D0AA30019E53A /* Release */,
			);
			defaultConfigurationIsVisible = 0;
			defaultConfigurationName = Release;
		};
		114261F42D2D0AA30019E53A /* Build configuration list for PBXNativeTarget "TutoringTests" */ = {
			isa = XCConfigurationList;
			buildConfigurations = (
				114261F52D2D0AA30019E53A /* Debug */,
				114261F62D2D0AA30019E53A /* Release */,
			);
			defaultConfigurationIsVisible = 0;
			defaultConfigurationName = Release;
		};
		114261F72D2D0AA30019E53A /* Build configuration list for PBXNativeTarget "TutoringUITests" */ = {
			isa = XCConfigurationList;
			buildConfigurations = (
				114261F82D2D0AA30019E53A /* Debug */,
				114261F92D2D0AA30019E53A /* Release */,
			);
			defaultConfigurationIsVisible = 0;
			defaultConfigurationName = Release;
		};
/* End XCConfigurationList section */
	};
	rootObject = 114261C32D2D0AA10019E53A /* Project object */;
}
